Microsoft Visual Studio Solution File, Format Version 12.00
# Visual Studio Version 17
VisualStudioVersion = 17.5.2.0
MinimumVisualStudioVersion = 10.0.40219.1
Project("{2150E333-8FDC-42A3-9474-1A3956D46DE8}") = "audio-helper", "audio-helper", "{D93C5BE4-51D6-9269-80AD-00E8CF17AB5C}"
EndProject
Project("{FAE04EC0-301F-11D3-BF4B-00C04F79EFBC}") = "Paraline.AudioBridge", "audio-helper\Paraline.AudioBridge.csproj", "{CEDC4091-88A6-C1C5-E928-256C77382AE9}"
EndProject
Global
	GlobalSection(SolutionConfigurationPlatforms) = preSolution
		Debug|Any CPU = Debug|Any CPU
		Release|Any CPU = Release|Any CPU
	EndGlobalSection
	GlobalSection(ProjectConfigurationPlatforms) = postSolution
		{CEDC4091-88A6-C1C5-E928-256C77382AE9}.Debug|Any CPU.ActiveCfg = Debug|Any CPU
		{CEDC4091-88A6-C1C5-E928-256C77382AE9}.Debug|Any CPU.Build.0 = Debug|Any CPU
		{CEDC4091-88A6-C1C5-E928-256C77382AE9}.Release|Any CPU.ActiveCfg = Release|Any CPU
		{CEDC4091-88A6-C1C5-E928-256C77382AE9}.Release|Any CPU.Build.0 = Release|Any CPU
	EndGlobalSection
	GlobalSection(SolutionProperties) = preSolution
		HideSolutionNode = FALSE
	EndGlobalSection
	GlobalSection(NestedProjects) = preSolution
		{CEDC4091-88A6-C1C5-E928-256C77382AE9} = {D93C5BE4-51D6-9269-80AD-00E8CF17AB5C}
	EndGlobalSection
	GlobalSection(ExtensibilityGlobals) = postSolution
		SolutionGuid = {D0686988-D58F-4220-91C8-FF371B72FBC0}
	EndGlobalSection
EndGlobal
